
Microsoft Visual Studio Solution File, Format Version 12.00
# Visual Studio Version 17
VisualStudioVersion = 17.0.31903.59
MinimumVisualStudioVersion = 10.0.40219.1
Project("{2150E333-8FDC-42A3-9474-1A3956D46DE8}") = "backend", "backend", "{B47C55FC-2ABB-4E14-9CDD-E2E7FFFA7255}"
EndProject
Project("{FAE04EC0-301F-11D3-BF4B-00C04F79EFBC}") = "ConsoleAppTest", "backend\ConsoleAppTest\ConsoleAppTest.csproj", "{B7F54551-3C0E-4A08-B39B-239CEBF3977D}"
EndProject
Global
	GlobalSection(SolutionConfigurationPlatforms) = preSolution
		Debug|Any CPU = Debug|Any CPU
		Release|Any CPU = Release|Any CPU
	EndGlobalSection
	GlobalSection(SolutionProperties) = preSolution
		HideSolutionNode = FALSE
	EndGlobalSection
	GlobalSection(ProjectConfigurationPlatforms) = postSolution
		{B7F54551-3C0E-4A08-B39B-239CEBF3977D}.Debug|Any CPU.ActiveCfg = Debug|Any CPU
		{B7F54551-3C0E-4A08-B39B-239CEBF3977D}.Debug|Any CPU.Build.0 = Debug|Any CPU
		{B7F54551-3C0E-4A08-B39B-239CEBF3977D}.Release|Any CPU.ActiveCfg = Release|Any CPU
		{B7F54551-3C0E-4A08-B39B-239CEBF3977D}.Release|Any CPU.Build.0 = Release|Any CPU
	EndGlobalSection
	GlobalSection(NestedProjects) = preSolution
		{B7F54551-3C0E-4A08-B39B-239CEBF3977D} = {B47C55FC-2ABB-4E14-9CDD-E2E7FFFA7255}
	EndGlobalSection
EndGlobal
